
Microsoft Visual Studio Solution File, Format Version 12.00
# Visual Studio Version 17
VisualStudioVersion = 17.5.33627.172
MinimumVisualStudioVersion = 10.0.40219.1
Project("{FAE04EC0-301F-11D3-BF4B-00C04F79EFBC}") = "os_project", "os_project\os_project.csproj", "{BBA85BF3-6A0E-4D19-BB13-05C0F65196D6}"
EndProject
Global
	GlobalSection(SolutionConfigurationPlatforms) = preSolution
		Debug|Any CPU = Debug|Any CPU
		Release|Any CPU = Release|Any CPU
	EndGlobalSection
	GlobalSection(ProjectConfigurationPlatforms) = postSolution
		{BBA85BF3-6A0E-4D19-BB13-05C0F65196D6}.Debug|Any CPU.ActiveCfg = Debug|Any CPU
		{BBA85BF3-6A0E-4D19-BB13-05C0F65196D6}.Debug|Any CPU.Build.0 = Debug|Any CPU
		{BBA85BF3-6A0E-4D19-BB13-05C0F65196D6}.Release|Any CPU.ActiveCfg = Release|Any CPU
		{BBA85BF3-6A0E-4D19-BB13-05C0F65196D6}.Release|Any CPU.Build.0 = Release|Any CPU
	EndGlobalSection
	GlobalSection(SolutionProperties) = preSolution
		HideSolutionNode = FALSE
	EndGlobalSection
	GlobalSection(ExtensibilityGlobals) = postSolution
		SolutionGuid = {B7FE43AC-64F9-4290-8DAA-3DDAB3BC385D}
	EndGlobalSection
EndGlobal
